
Microsoft Visual Studio Solution File, Format Version 12.00
# Visual Studio Version 16
VisualStudioVersion = 16.0.31005.135
MinimumVisualStudioVersion = 10.0.40219.1
Project("{FAE04EC0-301F-11D3-BF4B-00C04F79EFBC}") = "YAGRougelike.UWP", "YAGRougelike\YAGRougelike.UWP\YAGRougelike.UWP.csproj", "{48DE265D-F1E3-43E3-BD1E-5965929EE3B3}"
EndProject
Project("{FAE04EC0-301F-11D3-BF4B-00C04F79EFBC}") = "YAGRougelike.Android", "YAGRougelike\YAGRougelike.Android\YAGRougelike.Android.csproj", "{4BB65553-EC99-494C-AD26-5E87EC30A7BB}"
EndProject
Project("{FAE04EC0-301F-11D3-BF4B-00C04F79EFBC}") = "YAGRougelike.iOS", "YAGRougelike\YAGRougelike.iOS\YAGRougelike.iOS.csproj", "{833662CC-2418-4D53-A288-952247CE2645}"
EndProject
Project("{FAE04EC0-301F-11D3-BF4B-00C04F79EFBC}") = "YAGRougelike", "YAGRougelike\YAGRougelike\YAGRougelike.csproj", "{8289EB4F-BA80-4431-A001-54C17ED39818}"
EndProject
Global
	GlobalSection(SolutionConfigurationPlatforms) = preSolution
		Debug|Any CPU = Debug|Any CPU
		Debug|ARM = Debug|ARM
		Debug|iPhone = Debug|iPhone
		Debug|iPhoneSimulator = Debug|iPhoneSimulator
		Debug|x64 = Debug|x64
		Debug|x86 = Debug|x86
		Release|Any CPU = Release|Any CPU
		Release|ARM = Release|ARM
		Release|iPhone = Release|iPhone
		Release|iPhoneSimulator = Release|iPhoneSimulator
		Release|x64 = Release|x64
		Release|x86 = Release|x86
	EndGlobalSection
	GlobalSection(ProjectConfigurationPlatforms) = postSolution
		{48DE265D-F1E3-43E3-BD1E-5965929EE3B3}.Debug|Any CPU.ActiveCfg = Debug|x86
		{48DE265D-F1E3-43E3-BD1E-5965929EE3B3}.Debug|Any CPU.Build.0 = Debug|x86
		{48DE265D-F1E3-43E3-BD1E-5965929EE3B3}.Debug|Any CPU.Deploy.0 = Debug|x86
		{48DE265D-F1E3-43E3-BD1E-5965929EE3B3}.Debug|ARM.ActiveCfg = Debug|ARM
		{48DE265D-F1E3-43E3-BD1E-5965929EE3B3}.Debug|ARM.Build.0 = Debug|ARM
		{48DE265D-F1E3-43E3-BD1E-5965929EE3B3}.Debug|ARM.Deploy.0 = Debug|ARM
		{48DE265D-F1E3-43E3-BD1E-5965929EE3B3}.Debug|iPhone.ActiveCfg = Debug|x86
		{48DE265D-F1E3-43E3-BD1E-5965929EE3B3}.Debug|iPhone.Build.0 = Debug|x86
		{48DE265D-F1E3-43E3-BD1E-5965929EE3B3}.Debug|iPhone.Deploy.0 = Debug|x86
		{48DE265D-F1E3-43E3-BD1E-5965929EE3B3}.Debug|iPhoneSimulator.ActiveCfg = Debug|x86
		{48DE265D-F1E3-43E3-BD1E-5965929EE3B3}.Debug|iPhoneSimulator.Build.0 = Debug|x86
		{48DE265D-F1E3-43E3-BD1E-5965929EE3B3}.Debug|iPhoneSimulator.Deploy.0 = Debug|x86
		{48DE265D-F1E3-43E3-BD1E-5965929EE3B3}.Debug|x64.ActiveCfg = Debug|x64
		{48DE265D-F1E3-43E3-BD1E-5965929EE3B3}.Debug|x64.Build.0 = Debug|x64
		{48DE265D-F1E3-43E3-BD1E-5965929EE3B3}.Debug|x64.Deploy.0 = Debug|x64
		{48DE265D-F1E3-43E3-BD1E-5965929EE3B3}.Debug|x86.ActiveCfg = Debug|x86
		{48DE265D-F1E3-43E3-BD1E-5965929EE3B3}.Debug|x86.Build.0 = Debug|x86
		{48DE265D-F1E3-43E3-BD1E-5965929EE3B3}.Debug|x86.Deploy.0 = Debug|x86
		{48DE265D-F1E3-43E3-BD1E-5965929EE3B3}.Release|Any CPU.ActiveCfg = Release|x86
		{48DE265D-F1E3-43E3-BD1E-5965929EE3B3}.Release|Any CPU.Build.0 = Release|x86
		{48DE265D-F1E3-43E3-BD1E-5965929EE3B3}.Release|Any CPU.Deploy.0 = Release|x86
		{48DE265D-F1E3-43E3-BD1E-5965929EE3B3}.Release|ARM.ActiveCfg = Release|ARM
		{48DE265D-F1E3-43E3-BD1E-5965929EE3B3}.Release|ARM.Build.0 = Release|ARM
		{48DE265D-F1E3-43E3-BD1E-5965929EE3B3}.Release|ARM.Deploy.0 = Release|ARM
		{48DE265D-F1E3-43E3-BD1E-5965929EE3B3}.Release|iPhone.ActiveCfg = Release|x86
		{48DE265D-F1E3-43E3-BD1E-5965929EE3B3}.Release|iPhone.Build.0 = Release|x86
		{48DE265D-F1E3-43E3-BD1E-5965929EE3B3}.Release|iPhone.Deploy.0 = Release|x86
		{48DE265D-F1E3-43E3-BD1E-5965929EE3B3}.Release|iPhoneSimulator.ActiveCfg = Release|x86
		{48DE265D-F1E3-43E3-BD1E-5965929EE3B3}.Release|iPhoneSimulator.Build.0 = Release|x86
		{48DE265D-F1E3-43E3-BD1E-5965929EE3B3}.Release|iPhoneSimulator.Deploy.0 = Release|x86
		{48DE265D-F1E3-43E3-BD1E-5965929EE3B3}.Release|x64.ActiveCfg = Release|x64
		{48DE265D-F1E3-43E3-BD1E-5965929EE3B3}.Release|x64.Build.0 = Release|x64
		{48DE265D-F1E3-43E3-BD1E-5965929EE3B3}.Release|x64.Deploy.0 = Release|x64
		{48DE265D-F1E3-43E3-BD1E-5965929EE3B3}.Release|x86.ActiveCfg = Release|x86
		{48DE265D-F1E3-43E3-BD1E-5965929EE3B3}.Release|x86.Build.0 = Release|x86
		{48DE265D-F1E3-43E3-BD1E-5965929EE3B3}.Release|x86.Deploy.0 = Release|x86
		{4BB65553-EC99-494C-AD26-5E87EC30A7BB}.Debug|Any CPU.ActiveCfg = Debug|Any CPU
		{4BB65553-EC99-494C-AD26-5E87EC30A7BB}.Debug|Any CPU.Build.0 = Debug|Any CPU
		{4BB65553-EC99-494C-AD26-5E87EC30A7BB}.Debug|Any CPU.Deploy.0 = Debug|Any CPU
		{4BB65553-EC99-494C-AD26-5E87EC30A7BB}.Debug|ARM.ActiveCfg = Debug|Any CPU
		{4BB65553-EC99-494C-AD26-5E87EC30A7BB}.Debug|ARM.Build.0 = Debug|Any CPU
		{4BB65553-EC99-494C-AD26-5E87EC30A7BB}.Debug|ARM.Deploy.0 = Debug|Any CPU
		{4BB65553-EC99-494C-AD26-5E87EC30A7BB}.Debug|iPhone.ActiveCfg = Debug|Any CPU
		{4BB65553-EC99-494C-AD26-5E87EC30A7BB}.Debug|iPhone.Build.0 = Debug|Any CPU
		{4BB65553-EC99-494C-AD26-5E87EC30A7BB}.Debug|iPhone.Deploy.0 = Debug|Any CPU
		{4BB65553-EC99-494C-AD26-5E87EC30A7BB}.Debug|iPhoneSimulator.ActiveCfg = Debug|Any CPU
		{4BB65553-EC99-494C-AD26-5E87EC30A7BB}.Debug|iPhoneSimulator.Build.0 = Debug|Any CPU
		{4BB65553-EC99-494C-AD26-5E87EC30A7BB}.Debug|iPhoneSimulator.Deploy.0 = Debug|Any CPU
		{4BB65553-EC99-494C-AD26-5E87EC30A7BB}.Debug|x64.ActiveCfg = Debug|Any CPU
		{4BB65553-EC99-494C-AD26-5E87EC30A7BB}.Debug|x64.Build.0 = Debug|Any CPU
		{4BB65553-EC99-494C-AD26-5E87EC30A7BB}.Debug|x64.Deploy.0 = Debug|Any CPU
		{4BB65553-EC99-494C-AD26-5E87EC30A7BB}.Debug|x86.ActiveCfg = Debug|Any CPU
		{4BB65553-EC99-494C-AD26-5E87EC30A7BB}.Debug|x86.Build.0 = Debug|Any CPU
		{4BB65553-EC99-494C-AD26-5E87EC30A7BB}.Debug|x86.Deploy.0 = Debug|Any CPU
		{4BB65553-EC99-494C-AD26-5E87EC30A7BB}.Release|Any CPU.ActiveCfg = Release|Any CPU
		{4BB65553-EC99-494C-AD26-5E87EC30A7BB}.Release|Any CPU.Build.0 = Release|Any CPU
		{4BB65553-EC99-494C-AD26-5E87EC30A7BB}.Release|Any CPU.Deploy.0 = Release|Any CPU
		{4BB65553-EC99-494C-AD26-5E87EC30A7BB}.Release|ARM.ActiveCfg = Release|Any CPU
		{4BB65553-EC99-494C-AD26-5E87EC30A7BB}.Release|ARM.Build.0 = Release|Any CPU
		{4BB65553-EC99-494C-AD26-5E87EC30A7BB}.Release|ARM.Deploy.0 = Release|Any CPU
		{4BB65553-EC99-494C-AD26-5E87EC30A7BB}.Release|iPhone.ActiveCfg = Release|Any CPU
		{4BB65553-EC99-494C-AD26-5E87EC30A7BB}.Release|iPhone.Build.0 = Release|Any CPU
		{4BB65553-EC99-494C-AD26-5E87EC30A7BB}.Release|iPhone.Deploy.0 = Release|Any CPU
		{4BB65553-EC99-494C-AD26-5E87EC30A7BB}.Release|iPhoneSimulator.ActiveCfg = Release|Any CPU
		{4BB65553-EC99-494C-AD26-5E87EC30A7BB}.Release|iPhoneSimulator.Build.0 = Release|Any CPU
		{4BB65553-EC99-494C-AD26-5E87EC30A7BB}.Release|iPhoneSimulator.Deploy.0 = Release|Any CPU
		{4BB65553-EC99-494C-AD26-5E87EC30A7BB}.Release|x64.ActiveCfg = Release|Any CPU
		{4BB65553-EC99-494C-AD26-5E87EC30A7BB}.Release|x64.Build.0 = Release|Any CPU
		{4BB65553-EC99-494C-AD26-5E87EC30A7BB}.Release|x64.Deploy.0 = Release|Any CPU
		{4BB65553-EC99-494C-AD26-5E87EC30A7BB}.Release|x86.ActiveCfg = Release|Any CPU
		{4BB65553-EC99-494C-AD26-5E87EC30A7BB}.Release|x86.Build.0 = Release|Any CPU
		{4BB65553-EC99-494C-AD26-5E87EC30A7BB}.Release|x86.Deploy.0 = Release|Any CPU
		{833662CC-2418-4D53-A288-952247CE2645}.Debug|Any CPU.ActiveCfg = Debug|iPhoneSimulator
		{833662CC-2418-4D53-A288-952247CE2645}.Debug|Any CPU.Build.0 = Debug|iPhoneSimulator
		{833662CC-2418-4D53-A288-952247CE2645}.Debug|Any CPU.Deploy.0 = Debug|iPhoneSimulator
		{833662CC-2418-4D53-A288-952247CE2645}.Debug|ARM.ActiveCfg = Debug|iPhone
		{833662CC-2418-4D53-A288-952247CE2645}.Debug|ARM.Build.0 = Debug|iPhone
		{833662CC-2418-4D53-A288-952247CE2645}.Debug|ARM.Deploy.0 = Debug|iPhone
		{833662CC-2418-4D53-A288-952247CE2645}.Debug|iPhone.ActiveCfg = Debug|iPhone
		{833662CC-2418-4D53-A288-952247CE2645}.Debug|iPhone.Build.0 = Debug|iPhone
		{833662CC-2418-4D53-A288-952247CE2645}.Debug|iPhone.Deploy.0 = Debug|iPhone
		{833662CC-2418-4D53-A288-952247CE2645}.Debug|iPhoneSimulator.ActiveCfg = Debug|iPhoneSimulator
		{833662CC-2418-4D53-A288-952247CE2645}.Debug|iPhoneSimulator.Build.0 = Debug|iPhoneSimulator
		{833662CC-2418-4D53-A288-952247CE2645}.Debug|iPhoneSimulator.Deploy.0 = Debug|iPhoneSimulator
		{833662CC-2418-4D53-A288-952247CE2645}.Debug|x64.ActiveCfg = Debug|iPhoneSimulator
		{833662CC-2418-4D53-A288-952247CE2645}.Debug|x64.Build.0 = Debug|iPhoneSimulator
		{833662CC-2418-4D53-A288-952247CE2645}.Debug|x64.Deploy.0 = Debug|iPhoneSimulator
		{833662CC-2418-4D53-A288-952247CE2645}.Debug|x86.ActiveCfg = Debug|iPhoneSimulator
		{833662CC-2418-4D53-A288-952247CE2645}.Debug|x86.Build.0 = Debug|iPhoneSimulator
		{833662CC-2418-4D53-A288-952247CE2645}.Debug|x86.Deploy.0 = Debug|iPhoneSimulator
		{833662CC-2418-4D53-A288-952247CE2645}.Release|Any CPU.ActiveCfg = Release|iPhoneSimulator
		{833662CC-2418-4D53-A288-952247CE2645}.Release|Any CPU.Build.0 = Release|iPhoneSimulator
		{833662CC-2418-4D53-A288-952247CE2645}.Release|Any CPU.Deploy.0 = Release|iPhoneSimulator
		{833662CC-2418-4D53-A288-952247CE2645}.Release|ARM.ActiveCfg = Release|iPhoneSimulator
		{833662CC-2418-4D53-A288-952247CE2645}.Release|ARM.Build.0 = Release|iPhoneSimulator
		{833662CC-2418-4D53-A288-952247CE2645}.Release|ARM.Deploy.0 = Release|iPhoneSimulator
		{833662CC-2418-4D53-A288-952247CE2645}.Release|iPhone.ActiveCfg = Release|iPhone
		{833662CC-2418-4D53-A288-952247CE2645}.Release|iPhone.Build.0 = Release|iPhone
		{833662CC-2418-4D53-A288-952247CE2645}.Release|iPhone.Deploy.0 = Release|iPhone
		{833662CC-2418-4D53-A288-952247CE2645}.Release|iPhoneSimulator.ActiveCfg = Release|iPhoneSimulator
		{833662CC-2418-4D53-A288-952247CE2645}.Release|iPhoneSimulator.Build.0 = Release|iPhoneSimulator
		{833662CC-2418-4D53-A288-952247CE2645}.Release|iPhoneSimulator.Deploy.0 = Release|iPhoneSimulator
		{833662CC-2418-4D53-A288-952247CE2645}.Release|x64.ActiveCfg = Release|iPhoneSimulator
		{833662CC-2418-4D53-A288-952247CE2645}.Release|x64.Build.0 = Release|iPhoneSimulator
		{833662CC-2418-4D53-A288-952247CE2645}.Release|x64.Deploy.0 = Release|iPhoneSimulator
		{833662CC-2418-4D53-A288-952247CE2645}.Release|x86.ActiveCfg = Release|iPhoneSimulator
		{833662CC-2418-4D53-A288-952247CE2645}.Release|x86.Build.0 = Release|iPhoneSimulator
		{833662CC-2418-4D53-A288-952247CE2645}.Release|x86.Deploy.0 = Release|iPhoneSimulator
		{8289EB4F-BA80-4431-A001-54C17ED39818}.Debug|Any CPU.ActiveCfg = Debug|Any CPU
		{8289EB4F-BA80-4431-A001-54C17ED39818}.Debug|Any CPU.Build.0 = Debug|Any CPU
		{8289EB4F-BA80-4431-A001-54C17ED39818}.Debug|Any CPU.Deploy.0 = Debug|Any CPU
		{8289EB4F-BA80-4431-A001-54C17ED39818}.Debug|ARM.ActiveCfg = Debug|Any CPU
		{8289EB4F-BA80-4431-A001-54C17ED39818}.Debug|ARM.Build.0 = Debug|Any CPU
		{8289EB4F-BA80-4431-A001-54C17ED39818}.Debug|ARM.Deploy.0 = Debug|Any CPU
		{8289EB4F-BA80-4431-A001-54C17ED39818}.Debug|iPhone.ActiveCfg = Debug|Any CPU
		{8289EB4F-BA80-4431-A001-54C17ED39818}.Debug|iPhone.Build.0 = Debug|Any CPU
		{8289EB4F-BA80-4431-A001-54C17ED39818}.Debug|iPhone.Deploy.0 = Debug|Any CPU
		{8289EB4F-BA80-4431-A001-54C17ED39818}.Debug|iPhoneSimulator.ActiveCfg = Debug|Any CPU
		{8289EB4F-BA80-4431-A001-54C17ED39818}.Debug|iPhoneSimulator.Build.0 = Debug|Any CPU
		{8289EB4F-BA80-4431-A001-54C17ED39818}.Debug|iPhoneSimulator.Deploy.0 = Debug|Any CPU
		{8289EB4F-BA80-4431-A001-54C17ED39818}.Debug|x64.ActiveCfg = Debug|Any CPU
		{8289EB4F-BA80-4431-A001-54C17ED39818}.Debug|x64.Build.0 = Debug|Any CPU
		{8289EB4F-BA80-4431-A001-54C17ED39818}.Debug|x64.Deploy.0 = Debug|Any CPU
		{8289EB4F-BA80-4431-A001-54C17ED39818}.Debug|x86.ActiveCfg = Debug|Any CPU
		{8289EB4F-BA80-4431-A001-54C17ED39818}.Debug|x86.Build.0 = Debug|Any CPU
		{8289EB4F-BA80-4431-A001-54C17ED39818}.Debug|x86.Deploy.0 = Debug|Any CPU
		{8289EB4F-BA80-4431-A001-54C17ED39818}.Release|Any CPU.ActiveCfg = Release|Any CPU
		{8289EB4F-BA80-4431-A001-54C17ED39818}.Release|Any CPU.Build.0 = Release|Any CPU
		{8289EB4F-BA80-4431-A001-54C17ED39818}.Release|Any CPU.Deploy.0 = Release|Any CPU
		{8289EB4F-BA80-4431-A001-54C17ED39818}.Release|ARM.ActiveCfg = Release|Any CPU
		{8289EB4F-BA80-4431-A001-54C17ED39818}.Release|ARM.Build.0 = Release|Any CPU
		{8289EB4F-BA80-4431-A001-54C17ED39818}.Release|ARM.Deploy.0 = Release|Any CPU
		{8289EB4F-BA80-4431-A001-54C17ED39818}.Release|iPhone.ActiveCfg = Release|Any CPU
		{8289EB4F-BA80-4431-A001-54C17ED39818}.Release|iPhone.Build.0 = Release|Any CPU
		{8289EB4F-BA80-4431-A001-54C17ED39818}.Release|iPhone.Deploy.0 = Release|Any CPU
		{8289EB4F-BA80-4431-A001-54C17ED39818}.Release|iPhoneSimulator.ActiveCfg = Release|Any CPU
		{8289EB4F-BA80-4431-A001-54C17ED39818}.Release|iPhoneSimulator.Build.0 = Release|Any CPU
		{8289EB4F-BA80-4431-A001-54C17ED39818}.Release|iPhoneSimulator.Deploy.0 = Release|Any CPU
		{8289EB4F-BA80-4431-A001-54C17ED39818}.Release|x64.ActiveCfg = Release|Any CPU
		{8289EB4F-BA80-4431-A001-54C17ED39818}.Release|x64.Build.0 = Release|Any CPU
		{8289EB4F-BA80-4431-A001-54C17ED39818}.Release|x64.Deploy.0 = Release|Any CPU
		{8289EB4F-BA80-4431-A001-54C17ED39818}.Release|x86.ActiveCfg = Release|Any CPU
		{8289EB4F-BA80-4431-A001-54C17ED39818}.Release|x86.Build.0 = Release|Any CPU
		{8289EB4F-BA80-4431-A001-54C17ED39818}.Release|x86.Deploy.0 = Release|Any CPU
	EndGlobalSection
	GlobalSection(SolutionProperties) = preSolution
		HideSolutionNode = FALSE
	EndGlobalSection
	GlobalSection(ExtensibilityGlobals) = postSolution
		SolutionGuid = {8086AE5C-6B6C-4F52-BA4D-FE3EABC4204B}
	EndGlobalSection
EndGlobal
