
Microsoft Visual Studio Solution File, Format Version 12.00
# Visual Studio Version 16
VisualStudioVersion = 16.0.30907.101
MinimumVisualStudioVersion = 10.0.40219.1
Project("{FAE04EC0-301F-11D3-BF4B-00C04F79EFBC}") = "GenericRoguelike.UWP", "GenericRoguelike\GenericRoguelike.UWP\GenericRoguelike.UWP.csproj", "{181150DE-39C7-4CD3-BCD5-9A9A2008DF40}"
EndProject
Project("{FAE04EC0-301F-11D3-BF4B-00C04F79EFBC}") = "GenericRoguelike.Android", "GenericRoguelike\GenericRoguelike.Android\GenericRoguelike.Android.csproj", "{8EA93321-8E20-41C8-9782-5E07BCE8510C}"
EndProject
Project("{FAE04EC0-301F-11D3-BF4B-00C04F79EFBC}") = "GenericRoguelike.iOS", "GenericRoguelike\GenericRoguelike.iOS\GenericRoguelike.iOS.csproj", "{D7AA65CC-2ADE-4A54-810D-DEF378246D46}"
EndProject
Project("{FAE04EC0-301F-11D3-BF4B-00C04F79EFBC}") = "GenericRoguelike", "GenericRoguelike\GenericRoguelike\GenericRoguelike.csproj", "{2F8DFE8B-0D41-446D-9014-1E826D81E32A}"
EndProject
Global
	GlobalSection(SolutionConfigurationPlatforms) = preSolution
		Debug|Any CPU = Debug|Any CPU
		Debug|ARM = Debug|ARM
		Debug|iPhone = Debug|iPhone
		Debug|iPhoneSimulator = Debug|iPhoneSimulator
		Debug|x64 = Debug|x64
		Debug|x86 = Debug|x86
		Release|Any CPU = Release|Any CPU
		Release|ARM = Release|ARM
		Release|iPhone = Release|iPhone
		Release|iPhoneSimulator = Release|iPhoneSimulator
		Release|x64 = Release|x64
		Release|x86 = Release|x86
	EndGlobalSection
	GlobalSection(ProjectConfigurationPlatforms) = postSolution
		{181150DE-39C7-4CD3-BCD5-9A9A2008DF40}.Debug|Any CPU.ActiveCfg = Debug|x86
		{181150DE-39C7-4CD3-BCD5-9A9A2008DF40}.Debug|Any CPU.Build.0 = Debug|x86
		{181150DE-39C7-4CD3-BCD5-9A9A2008DF40}.Debug|Any CPU.Deploy.0 = Debug|x86
		{181150DE-39C7-4CD3-BCD5-9A9A2008DF40}.Debug|ARM.ActiveCfg = Debug|ARM
		{181150DE-39C7-4CD3-BCD5-9A9A2008DF40}.Debug|ARM.Build.0 = Debug|ARM
		{181150DE-39C7-4CD3-BCD5-9A9A2008DF40}.Debug|ARM.Deploy.0 = Debug|ARM
		{181150DE-39C7-4CD3-BCD5-9A9A2008DF40}.Debug|iPhone.ActiveCfg = Debug|x86
		{181150DE-39C7-4CD3-BCD5-9A9A2008DF40}.Debug|iPhone.Build.0 = Debug|x86
		{181150DE-39C7-4CD3-BCD5-9A9A2008DF40}.Debug|iPhone.Deploy.0 = Debug|x86
		{181150DE-39C7-4CD3-BCD5-9A9A2008DF40}.Debug|iPhoneSimulator.ActiveCfg = Debug|x86
		{181150DE-39C7-4CD3-BCD5-9A9A2008DF40}.Debug|iPhoneSimulator.Build.0 = Debug|x86
		{181150DE-39C7-4CD3-BCD5-9A9A2008DF40}.Debug|iPhoneSimulator.Deploy.0 = Debug|x86
		{181150DE-39C7-4CD3-BCD5-9A9A2008DF40}.Debug|x64.ActiveCfg = Debug|x64
		{181150DE-39C7-4CD3-BCD5-9A9A2008DF40}.Debug|x64.Build.0 = Debug|x64
		{181150DE-39C7-4CD3-BCD5-9A9A2008DF40}.Debug|x64.Deploy.0 = Debug|x64
		{181150DE-39C7-4CD3-BCD5-9A9A2008DF40}.Debug|x86.ActiveCfg = Debug|x86
		{181150DE-39C7-4CD3-BCD5-9A9A2008DF40}.Debug|x86.Build.0 = Debug|x86
		{181150DE-39C7-4CD3-BCD5-9A9A2008DF40}.Debug|x86.Deploy.0 = Debug|x86
		{181150DE-39C7-4CD3-BCD5-9A9A2008DF40}.Release|Any CPU.ActiveCfg = Release|x86
		{181150DE-39C7-4CD3-BCD5-9A9A2008DF40}.Release|Any CPU.Build.0 = Release|x86
		{181150DE-39C7-4CD3-BCD5-9A9A2008DF40}.Release|Any CPU.Deploy.0 = Release|x86
		{181150DE-39C7-4CD3-BCD5-9A9A2008DF40}.Release|ARM.ActiveCfg = Release|ARM
		{181150DE-39C7-4CD3-BCD5-9A9A2008DF40}.Release|ARM.Build.0 = Release|ARM
		{181150DE-39C7-4CD3-BCD5-9A9A2008DF40}.Release|ARM.Deploy.0 = Release|ARM
		{181150DE-39C7-4CD3-BCD5-9A9A2008DF40}.Release|iPhone.ActiveCfg = Release|x86
		{181150DE-39C7-4CD3-BCD5-9A9A2008DF40}.Release|iPhone.Build.0 = Release|x86
		{181150DE-39C7-4CD3-BCD5-9A9A2008DF40}.Release|iPhone.Deploy.0 = Release|x86
		{181150DE-39C7-4CD3-BCD5-9A9A2008DF40}.Release|iPhoneSimulator.ActiveCfg = Release|x86
		{181150DE-39C7-4CD3-BCD5-9A9A2008DF40}.Release|iPhoneSimulator.Build.0 = Release|x86
		{181150DE-39C7-4CD3-BCD5-9A9A2008DF40}.Release|iPhoneSimulator.Deploy.0 = Release|x86
		{181150DE-39C7-4CD3-BCD5-9A9A2008DF40}.Release|x64.ActiveCfg = Release|x64
		{181150DE-39C7-4CD3-BCD5-9A9A2008DF40}.Release|x64.Build.0 = Release|x64
		{181150DE-39C7-4CD3-BCD5-9A9A2008DF40}.Release|x64.Deploy.0 = Release|x64
		{181150DE-39C7-4CD3-BCD5-9A9A2008DF40}.Release|x86.ActiveCfg = Release|x86
		{181150DE-39C7-4CD3-BCD5-9A9A2008DF40}.Release|x86.Build.0 = Release|x86
		{181150DE-39C7-4CD3-BCD5-9A9A2008DF40}.Release|x86.Deploy.0 = Release|x86
		{8EA93321-8E20-41C8-9782-5E07BCE8510C}.Debug|Any CPU.ActiveCfg = Debug|Any CPU
		{8EA93321-8E20-41C8-9782-5E07BCE8510C}.Debug|Any CPU.Build.0 = Debug|Any CPU
		{8EA93321-8E20-41C8-9782-5E07BCE8510C}.Debug|Any CPU.Deploy.0 = Debug|Any CPU
		{8EA93321-8E20-41C8-9782-5E07BCE8510C}.Debug|ARM.ActiveCfg = Debug|Any CPU
		{8EA93321-8E20-41C8-9782-5E07BCE8510C}.Debug|ARM.Build.0 = Debug|Any CPU
		{8EA93321-8E20-41C8-9782-5E07BCE8510C}.Debug|ARM.Deploy.0 = Debug|Any CPU
		{8EA93321-8E20-41C8-9782-5E07BCE8510C}.Debug|iPhone.ActiveCfg = Debug|Any CPU
		{8EA93321-8E20-41C8-9782-5E07BCE8510C}.Debug|iPhone.Build.0 = Debug|Any CPU
		{8EA93321-8E20-41C8-9782-5E07BCE8510C}.Debug|iPhone.Deploy.0 = Debug|Any CPU
		{8EA93321-8E20-41C8-9782-5E07BCE8510C}.Debug|iPhoneSimulator.ActiveCfg = Debug|Any CPU
		{8EA93321-8E20-41C8-9782-5E07BCE8510C}.Debug|iPhoneSimulator.Build.0 = Debug|Any CPU
		{8EA93321-8E20-41C8-9782-5E07BCE8510C}.Debug|iPhoneSimulator.Deploy.0 = Debug|Any CPU
		{8EA93321-8E20-41C8-9782-5E07BCE8510C}.Debug|x64.ActiveCfg = Debug|Any CPU
		{8EA93321-8E20-41C8-9782-5E07BCE8510C}.Debug|x64.Build.0 = Debug|Any CPU
		{8EA93321-8E20-41C8-9782-5E07BCE8510C}.Debug|x64.Deploy.0 = Debug|Any CPU
		{8EA93321-8E20-41C8-9782-5E07BCE8510C}.Debug|x86.ActiveCfg = Debug|Any CPU
		{8EA93321-8E20-41C8-9782-5E07BCE8510C}.Debug|x86.Build.0 = Debug|Any CPU
		{8EA93321-8E20-41C8-9782-5E07BCE8510C}.Debug|x86.Deploy.0 = Debug|Any CPU
		{8EA93321-8E20-41C8-9782-5E07BCE8510C}.Release|Any CPU.ActiveCfg = Release|Any CPU
		{8EA93321-8E20-41C8-9782-5E07BCE8510C}.Release|Any CPU.Build.0 = Release|Any CPU
		{8EA93321-8E20-41C8-9782-5E07BCE8510C}.Release|Any CPU.Deploy.0 = Release|Any CPU
		{8EA93321-8E20-41C8-9782-5E07BCE8510C}.Release|ARM.ActiveCfg = Release|Any CPU
		{8EA93321-8E20-41C8-9782-5E07BCE8510C}.Release|ARM.Build.0 = Release|Any CPU
		{8EA93321-8E20-41C8-9782-5E07BCE8510C}.Release|ARM.Deploy.0 = Release|Any CPU
		{8EA93321-8E20-41C8-9782-5E07BCE8510C}.Release|iPhone.ActiveCfg = Release|Any CPU
		{8EA93321-8E20-41C8-9782-5E07BCE8510C}.Release|iPhone.Build.0 = Release|Any CPU
		{8EA93321-8E20-41C8-9782-5E07BCE8510C}.Release|iPhone.Deploy.0 = Release|Any CPU
		{8EA93321-8E20-41C8-9782-5E07BCE8510C}.Release|iPhoneSimulator.ActiveCfg = Release|Any CPU
		{8EA93321-8E20-41C8-9782-5E07BCE8510C}.Release|iPhoneSimulator.Build.0 = Release|Any CPU
		{8EA93321-8E20-41C8-9782-5E07BCE8510C}.Release|iPhoneSimulator.Deploy.0 = Release|Any CPU
		{8EA93321-8E20-41C8-9782-5E07BCE8510C}.Release|x64.ActiveCfg = Release|Any CPU
		{8EA93321-8E20-41C8-9782-5E07BCE8510C}.Release|x64.Build.0 = Release|Any CPU
		{8EA93321-8E20-41C8-9782-5E07BCE8510C}.Release|x64.Deploy.0 = Release|Any CPU
		{8EA93321-8E20-41C8-9782-5E07BCE8510C}.Release|x86.ActiveCfg = Release|Any CPU
		{8EA93321-8E20-41C8-9782-5E07BCE8510C}.Release|x86.Build.0 = Release|Any CPU
		{8EA93321-8E20-41C8-9782-5E07BCE8510C}.Release|x86.Deploy.0 = Release|Any CPU
		{D7AA65CC-2ADE-4A54-810D-DEF378246D46}.Debug|Any CPU.ActiveCfg = Debug|iPhoneSimulator
		{D7AA65CC-2ADE-4A54-810D-DEF378246D46}.Debug|Any CPU.Build.0 = Debug|iPhoneSimulator
		{D7AA65CC-2ADE-4A54-810D-DEF378246D46}.Debug|Any CPU.Deploy.0 = Debug|iPhoneSimulator
		{D7AA65CC-2ADE-4A54-810D-DEF378246D46}.Debug|ARM.ActiveCfg = Debug|iPhone
		{D7AA65CC-2ADE-4A54-810D-DEF378246D46}.Debug|ARM.Build.0 = Debug|iPhone
		{D7AA65CC-2ADE-4A54-810D-DEF378246D46}.Debug|ARM.Deploy.0 = Debug|iPhone
		{D7AA65CC-2ADE-4A54-810D-DEF378246D46}.Debug|iPhone.ActiveCfg = Debug|iPhone
		{D7AA65CC-2ADE-4A54-810D-DEF378246D46}.Debug|iPhone.Build.0 = Debug|iPhone
		{D7AA65CC-2ADE-4A54-810D-DEF378246D46}.Debug|iPhone.Deploy.0 = Debug|iPhone
		{D7AA65CC-2ADE-4A54-810D-DEF378246D46}.Debug|iPhoneSimulator.ActiveCfg = Debug|iPhoneSimulator
		{D7AA65CC-2ADE-4A54-810D-DEF378246D46}.Debug|iPhoneSimulator.Build.0 = Debug|iPhoneSimulator
		{D7AA65CC-2ADE-4A54-810D-DEF378246D46}.Debug|iPhoneSimulator.Deploy.0 = Debug|iPhoneSimulator
		{D7AA65CC-2ADE-4A54-810D-DEF378246D46}.Debug|x64.ActiveCfg = Debug|iPhoneSimulator
		{D7AA65CC-2ADE-4A54-810D-DEF378246D46}.Debug|x64.Build.0 = Debug|iPhoneSimulator
		{D7AA65CC-2ADE-4A54-810D-DEF378246D46}.Debug|x64.Deploy.0 = Debug|iPhoneSimulator
		{D7AA65CC-2ADE-4A54-810D-DEF378246D46}.Debug|x86.ActiveCfg = Debug|iPhoneSimulator
		{D7AA65CC-2ADE-4A54-810D-DEF378246D46}.Debug|x86.Build.0 = Debug|iPhoneSimulator
		{D7AA65CC-2ADE-4A54-810D-DEF378246D46}.Debug|x86.Deploy.0 = Debug|iPhoneSimulator
		{D7AA65CC-2ADE-4A54-810D-DEF378246D46}.Release|Any CPU.ActiveCfg = Release|iPhoneSimulator
		{D7AA65CC-2ADE-4A54-810D-DEF378246D46}.Release|Any CPU.Build.0 = Release|iPhoneSimulator
		{D7AA65CC-2ADE-4A54-810D-DEF378246D46}.Release|Any CPU.Deploy.0 = Release|iPhoneSimulator
		{D7AA65CC-2ADE-4A54-810D-DEF378246D46}.Release|ARM.ActiveCfg = Release|iPhoneSimulator
		{D7AA65CC-2ADE-4A54-810D-DEF378246D46}.Release|ARM.Build.0 = Release|iPhoneSimulator
		{D7AA65CC-2ADE-4A54-810D-DEF378246D46}.Release|ARM.Deploy.0 = Release|iPhoneSimulator
		{D7AA65CC-2ADE-4A54-810D-DEF378246D46}.Release|iPhone.ActiveCfg = Release|iPhone
		{D7AA65CC-2ADE-4A54-810D-DEF378246D46}.Release|iPhone.Build.0 = Release|iPhone
		{D7AA65CC-2ADE-4A54-810D-DEF378246D46}.Release|iPhone.Deploy.0 = Release|iPhone
		{D7AA65CC-2ADE-4A54-810D-DEF378246D46}.Release|iPhoneSimulator.ActiveCfg = Release|iPhoneSimulator
		{D7AA65CC-2ADE-4A54-810D-DEF378246D46}.Release|iPhoneSimulator.Build.0 = Release|iPhoneSimulator
		{D7AA65CC-2ADE-4A54-810D-DEF378246D46}.Release|iPhoneSimulator.Deploy.0 = Release|iPhoneSimulator
		{D7AA65CC-2ADE-4A54-810D-DEF378246D46}.Release|x64.ActiveCfg = Release|iPhoneSimulator
		{D7AA65CC-2ADE-4A54-810D-DEF378246D46}.Release|x64.Build.0 = Release|iPhoneSimulator
		{D7AA65CC-2ADE-4A54-810D-DEF378246D46}.Release|x64.Deploy.0 = Release|iPhoneSimulator
		{D7AA65CC-2ADE-4A54-810D-DEF378246D46}.Release|x86.ActiveCfg = Release|iPhoneSimulator
		{D7AA65CC-2ADE-4A54-810D-DEF378246D46}.Release|x86.Build.0 = Release|iPhoneSimulator
		{D7AA65CC-2ADE-4A54-810D-DEF378246D46}.Release|x86.Deploy.0 = Release|iPhoneSimulator
		{2F8DFE8B-0D41-446D-9014-1E826D81E32A}.Debug|Any CPU.ActiveCfg = Debug|Any CPU
		{2F8DFE8B-0D41-446D-9014-1E826D81E32A}.Debug|Any CPU.Build.0 = Debug|Any CPU
		{2F8DFE8B-0D41-446D-9014-1E826D81E32A}.Debug|Any CPU.Deploy.0 = Debug|Any CPU
		{2F8DFE8B-0D41-446D-9014-1E826D81E32A}.Debug|ARM.ActiveCfg = Debug|Any CPU
		{2F8DFE8B-0D41-446D-9014-1E826D81E32A}.Debug|ARM.Build.0 = Debug|Any CPU
		{2F8DFE8B-0D41-446D-9014-1E826D81E32A}.Debug|ARM.Deploy.0 = Debug|Any CPU
		{2F8DFE8B-0D41-446D-9014-1E826D81E32A}.Debug|iPhone.ActiveCfg = Debug|Any CPU
		{2F8DFE8B-0D41-446D-9014-1E826D81E32A}.Debug|iPhone.Build.0 = Debug|Any CPU
		{2F8DFE8B-0D41-446D-9014-1E826D81E32A}.Debug|iPhone.Deploy.0 = Debug|Any CPU
		{2F8DFE8B-0D41-446D-9014-1E826D81E32A}.Debug|iPhoneSimulator.ActiveCfg = Debug|Any CPU
		{2F8DFE8B-0D41-446D-9014-1E826D81E32A}.Debug|iPhoneSimulator.Build.0 = Debug|Any CPU
		{2F8DFE8B-0D41-446D-9014-1E826D81E32A}.Debug|iPhoneSimulator.Deploy.0 = Debug|Any CPU
		{2F8DFE8B-0D41-446D-9014-1E826D81E32A}.Debug|x64.ActiveCfg = Debug|Any CPU
		{2F8DFE8B-0D41-446D-9014-1E826D81E32A}.Debug|x64.Build.0 = Debug|Any CPU
		{2F8DFE8B-0D41-446D-9014-1E826D81E32A}.Debug|x64.Deploy.0 = Debug|Any CPU
		{2F8DFE8B-0D41-446D-9014-1E826D81E32A}.Debug|x86.ActiveCfg = Debug|Any CPU
		{2F8DFE8B-0D41-446D-9014-1E826D81E32A}.Debug|x86.Build.0 = Debug|Any CPU
		{2F8DFE8B-0D41-446D-9014-1E826D81E32A}.Debug|x86.Deploy.0 = Debug|Any CPU
		{2F8DFE8B-0D41-446D-9014-1E826D81E32A}.Release|Any CPU.ActiveCfg = Release|Any CPU
		{2F8DFE8B-0D41-446D-9014-1E826D81E32A}.Release|Any CPU.Build.0 = Release|Any CPU
		{2F8DFE8B-0D41-446D-9014-1E826D81E32A}.Release|Any CPU.Deploy.0 = Release|Any CPU
		{2F8DFE8B-0D41-446D-9014-1E826D81E32A}.Release|ARM.ActiveCfg = Release|Any CPU
		{2F8DFE8B-0D41-446D-9014-1E826D81E32A}.Release|ARM.Build.0 = Release|Any CPU
		{2F8DFE8B-0D41-446D-9014-1E826D81E32A}.Release|ARM.Deploy.0 = Release|Any CPU
		{2F8DFE8B-0D41-446D-9014-1E826D81E32A}.Release|iPhone.ActiveCfg = Release|Any CPU
		{2F8DFE8B-0D41-446D-9014-1E826D81E32A}.Release|iPhone.Build.0 = Release|Any CPU
		{2F8DFE8B-0D41-446D-9014-1E826D81E32A}.Release|iPhone.Deploy.0 = Release|Any CPU
		{2F8DFE8B-0D41-446D-9014-1E826D81E32A}.Release|iPhoneSimulator.ActiveCfg = Release|Any CPU
		{2F8DFE8B-0D41-446D-9014-1E826D81E32A}.Release|iPhoneSimulator.Build.0 = Release|Any CPU
		{2F8DFE8B-0D41-446D-9014-1E826D81E32A}.Release|iPhoneSimulator.Deploy.0 = Release|Any CPU
		{2F8DFE8B-0D41-446D-9014-1E826D81E32A}.Release|x64.ActiveCfg = Release|Any CPU
		{2F8DFE8B-0D41-446D-9014-1E826D81E32A}.Release|x64.Build.0 = Release|Any CPU
		{2F8DFE8B-0D41-446D-9014-1E826D81E32A}.Release|x64.Deploy.0 = Release|Any CPU
		{2F8DFE8B-0D41-446D-9014-1E826D81E32A}.Release|x86.ActiveCfg = Release|Any CPU
		{2F8DFE8B-0D41-446D-9014-1E826D81E32A}.Release|x86.Build.0 = Release|Any CPU
		{2F8DFE8B-0D41-446D-9014-1E826D81E32A}.Release|x86.Deploy.0 = Release|Any CPU
	EndGlobalSection
	GlobalSection(SolutionProperties) = preSolution
		HideSolutionNode = FALSE
	EndGlobalSection
	GlobalSection(ExtensibilityGlobals) = postSolution
		SolutionGuid = {895C1B42-07F2-48D5-B33D-6B74770A5C38}
	EndGlobalSection
EndGlobal
